
Microsoft Visual Studio Solution File, Format Version 12.00
# Visual Studio Version 17
VisualStudioVersion = 17.7.34031.279
MinimumVisualStudioVersion = 10.0.40219.1
Project("{8BC9CEB8-8B4A-11D0-8D11-00A0C91BC942}") = "TopDownZombieGame", "TopDownZombieGame\TopDownZombieGame.vcxproj", "{A3D4D23E-D008-4BBE-9FA4-F08F1B28DD6A}"
EndProject
Global
	GlobalSection(SolutionConfigurationPlatforms) = preSolution
		Debug|x64 = Debug|x64
		Debug|x86 = Debug|x86
		Release|x64 = Release|x64
		Release|x86 = Release|x86
	EndGlobalSection
	GlobalSection(ProjectConfigurationPlatforms) = postSolution
		{A3D4D23E-D008-4BBE-9FA4-F08F1B28DD6A}.Debug|x64.ActiveCfg = Debug|x64
		{A3D4D23E-D008-4BBE-9FA4-F08F1B28DD6A}.Debug|x64.Build.0 = Debug|x64
		{A3D4D23E-D008-4BBE-9FA4-F08F1B28DD6A}.Debug|x86.ActiveCfg = Debug|Win32
		{A3D4D23E-D008-4BBE-9FA4-F08F1B28DD6A}.Debug|x86.Build.0 = Debug|Win32
		{A3D4D23E-D008-4BBE-9FA4-F08F1B28DD6A}.Release|x64.ActiveCfg = Release|x64
		{A3D4D23E-D008-4BBE-9FA4-F08F1B28DD6A}.Release|x64.Build.0 = Release|x64
		{A3D4D23E-D008-4BBE-9FA4-F08F1B28DD6A}.Release|x86.ActiveCfg = Release|Win32
		{A3D4D23E-D008-4BBE-9FA4-F08F1B28DD6A}.Release|x86.Build.0 = Release|Win32
	EndGlobalSection
	GlobalSection(SolutionProperties) = preSolution
		HideSolutionNode = FALSE
	EndGlobalSection
	GlobalSection(ExtensibilityGlobals) = postSolution
		SolutionGuid = {3FFB918B-09FA-420A-AD3F-0C8EE5AA0CEC}
	EndGlobalSection
EndGlobal
